<Solution>
  <Folder Name="/.github/" />
  <Folder Name="/.github/workflows/">
    <File Path="deploy.yml" />
  </Folder>
  <Folder Name="/gh-pages/">
    <File Path=".nojekyll" />
  </Folder>
  <Folder Name="/Solution Items/">
    <File Path="docker-compose.yml" />
  </Folder>
  <Project Path="FetchDesk.Client/FetchDesk.Client.csproj" />
  <Project Path="FetchDesk.Shared/FetchDesk.Shared.csproj" />
  <Project Path="FetchDesk/FetchDesk.csproj" />
</Solution>
